<Solution>
  <Folder Name="/src/">
    <Project Path="src/BeamerPresenter.App/BeamerPresenter.App.csproj" />
    <Project Path="src/BeamerPresenter.Updater/BeamerPresenter.Updater.csproj" />
    <Project Path="src/BeamerPresenter.Application/BeamerPresenter.Application.csproj" />
    <Project Path="src/BeamerPresenter.Domain/BeamerPresenter.Domain.csproj" />
    <Project Path="src/BeamerPresenter.Infrastructure/BeamerPresenter.Infrastructure.csproj" />
    <Project Path="src/BeamerPresenter.Web/BeamerPresenter.Web.csproj" />
  </Folder>
  <Folder Name="/tests/">
    <Project Path="tests/BeamerPresenter.App.Tests/BeamerPresenter.App.Tests.csproj" />
    <Project Path="tests/BeamerPresenter.Architecture.Tests/BeamerPresenter.Architecture.Tests.csproj" />
    <Project Path="tests/BeamerPresenter.Application.Tests/BeamerPresenter.Application.Tests.csproj" />
    <Project Path="tests/BeamerPresenter.Browser.Tests/BeamerPresenter.Browser.Tests.csproj" />
    <Project Path="tests/BeamerPresenter.Infrastructure.Tests/BeamerPresenter.Infrastructure.Tests.csproj" />
    <Project Path="tests/BeamerPresenter.Web.Tests/BeamerPresenter.Web.Tests.csproj" />
  </Folder>
</Solution>
